
Microsoft Visual Studio Solution File, Format Version 12.00
# Visual Studio 15
VisualStudioVersion = 15.0.28307.168
MinimumVisualStudioVersion = 10.0.40219.1
Project("{9A19103F-16F7-4668-BE54-9A1E7A4F7556}") = "AspNetCoreTodo", "AspNetCoreTodo\AspNetCoreTodo.csproj", "{A8FF0BD6-8A80-4334-9E35-8FB4FE402BFA}"
EndProject
Global
	GlobalSection(SolutionConfigurationPlatforms) = preSolution
		Debug|Any CPU = Debug|Any CPU
		Release|Any CPU = Release|Any CPU
	EndGlobalSection
	GlobalSection(ProjectConfigurationPlatforms) = postSolution
		{A8FF0BD6-8A80-4334-9E35-8FB4FE402BFA}.Debug|Any CPU.ActiveCfg = Debug|Any CPU
		{A8FF0BD6-8A80-4334-9E35-8FB4FE402BFA}.Debug|Any CPU.Build.0 = Debug|Any CPU
		{A8FF0BD6-8A80-4334-9E35-8FB4FE402BFA}.Release|Any CPU.ActiveCfg = Release|Any CPU
		{A8FF0BD6-8A80-4334-9E35-8FB4FE402BFA}.Release|Any CPU.Build.0 = Release|Any CPU
	EndGlobalSection
	GlobalSection(SolutionProperties) = preSolution
		HideSolutionNode = FALSE
	EndGlobalSection
	GlobalSection(ExtensibilityGlobals) = postSolution
		SolutionGuid = {C37CCF93-5FF3-47F1-AA90-1D86C5559673}
	EndGlobalSection
EndGlobal
